// !$*UTF8*$!
{
	archiveVersion = 1;
	classes = {
	};
	objectVersion = 56;
	objects = {

/* Begin PBXBuildFile section */
		53EF4FE62C9390AA00EDBE02 /* WeatherAppApp.swift in Sources */ = {isa = PBXBuildFile; fileRef = 53EF4FE52C9390AA00EDBE02 /* WeatherAppApp.swift */; };
		53EF4FEA2C9390AA00EDBE02 /* Assets.xcassets in Resources */ = {isa = PBXBuildFile; fileRef = 53EF4FE92C9390AA00EDBE02 /* Assets.xcassets */; };
		53EF4FED2C9390AA00EDBE02 /* Preview Assets.xcassets in Resources */ = {isa = PBXBuildFile; fileRef = 53EF4FEC2C9390AA00EDBE02 /* Preview Assets.xcassets */; };
		53EF4FEF2C9390AA00EDBE02 /* Persistence.swift in Sources */ = {isa = PBXBuildFile; fileRef = 53EF4FEE2C9390AA00EDBE02 /* Persistence.swift */; };
		53EF4FF22C9390AA00EDBE02 /* WeatherApp.xcdatamodeld in Sources */ = {isa = PBXBuildFile; fileRef = 53EF4FF02C9390AA00EDBE02 /* WeatherApp.xcdatamodeld */; };
		53EF4FFC2C9390AB00EDBE02 /* WeatherAppTests.swift in Sources */ = {isa = PBXBuildFile; fileRef = 53EF4FFB2C9390AB00EDBE02 /* WeatherAppTests.swift */; };
		53EF50062C9390AB00EDBE02 /* WeatherAppUITests.swift in Sources */ = {isa = PBXBuildFile; fileRef = 53EF50052C9390AB00EDBE02 /* WeatherAppUITests.swift */; };
		53EF50082C9390AB00EDBE02 /* WeatherAppUITestsLaunchTests.swift in Sources */ = {isa = PBXBuildFile; fileRef = 53EF50072C9390AB00EDBE02 /* WeatherAppUITestsLaunchTests.swift */; };
		53EF50192C9392C800EDBE02 /* WeatherViewModel.swift in Sources */ = {isa = PBXBuildFile; fileRef = 53EF50182C9392C800EDBE02 /* WeatherViewModel.swift */; };
		53EF501D2C9396AE00EDBE02 /* LocationManager.swift in Sources */ = {isa = PBXBuildFile; fileRef = 53EF501C2C9396AE00EDBE02 /* LocationManager.swift */; };
		53EF50212C93C65300EDBE02 /* WeatherService.swift in Sources */ = {isa = PBXBuildFile; fileRef = 53EF50202C93C65300EDBE02 /* WeatherService.swift */; };
		53EF50232C93C78E00EDBE02 /* MainCoordinator.swift in Sources */ = {isa = PBXBuildFile; fileRef = 53EF50222C93C78E00EDBE02 /* MainCoordinator.swift */; };
		53EF50252C93C7B100EDBE02 /* Weather.swift in Sources */ = {isa = PBXBuildFile; fileRef = 53EF50242C93C7B100EDBE02 /* Weather.swift */; };
		53EF50272C93C7C400EDBE02 /* WeatherResponse.swift in Sources */ = {isa = PBXBuildFile; fileRef = 53EF50262C93C7C400EDBE02 /* WeatherResponse.swift */; };
		53EF50292C93C7DD00EDBE02 /* GeocodingResponse.swift in Sources */ = {isa = PBXBuildFile; fileRef = 53EF50282C93C7DD00EDBE02 /* GeocodingResponse.swift */; };
		53EF502B2C93C81500EDBE02 /* WeatherView.swift in Sources */ = {isa = PBXBuildFile; fileRef = 53EF502A2C93C81500EDBE02 /* WeatherView.swift */; };
		53EF502D2C93CA3100EDBE02 /* CoordinatorView.swift in Sources */ = {isa = PBXBuildFile; fileRef = 53EF502C2C93CA3100EDBE02 /* CoordinatorView.swift */; };
		53EF50322C93D18200EDBE02 /* SearchBar.swift in Sources */ = {isa = PBXBuildFile; fileRef = 53EF50312C93D18200EDBE02 /* SearchBar.swift */; };
		53EF50342C93F67000EDBE02 /* Constants.swift in Sources */ = {isa = PBXBuildFile; fileRef = 53EF50332C93F67000EDBE02 /* Constants.swift */; };
		53EF50482C949E8F00EDBE02 /* WeatherDetailsView.swift in Sources */ = {isa = PBXBuildFile; fileRef = 53EF50472C949E8F00EDBE02 /* WeatherDetailsView.swift */; };
		53EF504A2C949F1000EDBE02 /* MockWeatherService.swift in Sources */ = {isa = PBXBuildFile; fileRef = 53EF50492C949F1000EDBE02 /* MockWeatherService.swift */; };
		53EF504C2C949F3000EDBE02 /* SearchBarUITests.swift in Sources */ = {isa = PBXBuildFile; fileRef = 53EF504B2C949F3000EDBE02 /* SearchBarUITests.swift */; };
		53EF504E2C949F6400EDBE02 /* WeatherServiceTests.swift in Sources */ = {isa = PBXBuildFile; fileRef = 53EF504D2C949F6400EDBE02 /* WeatherServiceTests.swift */; };
		53EF50502C949F8000EDBE02 /* WeatherViewModelTests.swift in Sources */ = {isa = PBXBuildFile; fileRef = 53EF504F2C949F8000EDBE02 /* WeatherViewModelTests.swift */; };
/* End PBXBuildFile section */

/* Begin PBXContainerItemProxy section */
		53EF4FF82C9390AB00EDBE02 /* PBXContainerItemProxy */ = {
			isa = PBXContainerItemProxy;
			containerPortal = 53EF4FDA2C9390AA00EDBE02 /* Project object */;
			proxyType = 1;
			remoteGlobalIDString = 53EF4FE12C9390AA00EDBE02;
			remoteInfo = WeatherApp;
		};
		53EF50022C9390AB00EDBE02 /* PBXContainerItemProxy */ = {
			isa = PBXContainerItemProxy;
			containerPortal = 53EF4FDA2C9390AA00EDBE02 /* Project object */;
			proxyType = 1;
			remoteGlobalIDString = 53EF4FE12C9390AA00EDBE02;
			remoteInfo = WeatherApp;
		};
/* End PBXContainerItemProxy section */

/* Begin PBXFileReference section */
		53EF4FE22C9390AA00EDBE02 /* WeatherApp.app */ = {isa = PBXFileReference; explicitFileType = wrapper.application; includeInIndex = 0; path = WeatherApp.app; sourceTree = BUILT_PRODUCTS_DIR; };
		53EF4FE52C9390AA00EDBE02 /* WeatherAppApp.swift */ = {isa = PBXFileReference; lastKnownFileType = sourcecode.swift; path = WeatherAppApp.swift; sourceTree = "<group>"; };
		53EF4FE92C9390AA00EDBE02 /* Assets.xcassets */ = {isa = PBXFileReference; lastKnownFileType = folder.assetcatalog; path = Assets.xcassets; sourceTree = "<group>"; };
		53EF4FEC2C9390AA00EDBE02 /* Preview Assets.xcassets */ = {isa = PBXFileReference; lastKnownFileType = folder.assetcatalog; path = "Preview Assets.xcassets"; sourceTree = "<group>"; };
		53EF4FEE2C9390AA00EDBE02 /* Persistence.swift */ = {isa = PBXFileReference; lastKnownFileType = sourcecode.swift; path = Persistence.swift; sourceTree = "<group>"; };
		53EF4FF12C9390AA00EDBE02 /* WeatherApp.xcdatamodel */ = {isa = PBXFileReference; lastKnownFileType = wrapper.xcdatamodel; path = WeatherApp.xcdatamodel; sourceTree = "<group>"; };
		53EF4FF72C9390AB00EDBE02 /* WeatherAppTests.xctest */ = {isa = PBXFileReference; explicitFileType = wrapper.cfbundle; includeInIndex = 0; path = WeatherAppTests.xctest; sourceTree = BUILT_PRODUCTS_DIR; };
		53EF4FFB2C9390AB00EDBE02 /* WeatherAppTests.swift */ = {isa = PBXFileReference; lastKnownFileType = sourcecode.swift; path = WeatherAppTests.swift; sourceTree = "<group>"; };
		53EF50012C9390AB00EDBE02 /* WeatherAppUITests.xctest */ = {isa = PBXFileReference; explicitFileType = wrapper.cfbundle; includeInIndex = 0; path = WeatherAppUITests.xctest; sourceTree = BUILT_PRODUCTS_DIR; };
		53EF50052C9390AB00EDBE02 /* WeatherAppUITests.swift */ = {isa = PBXFileReference; lastKnownFileType = sourcecode.swift; path = WeatherAppUITests.swift; sourceTree = "<group>"; };
		53EF50072C9390AB00EDBE02 /* WeatherAppUITestsLaunchTests.swift */ = {isa = PBXFileReference; lastKnownFileType = sourcecode.swift; path = WeatherAppUITestsLaunchTests.swift; sourceTree = "<group>"; };
		53EF50182C9392C800EDBE02 /* WeatherViewModel.swift */ = {isa = PBXFileReference; lastKnownFileType = sourcecode.swift; path = WeatherViewModel.swift; sourceTree = "<group>"; };
		53EF501C2C9396AE00EDBE02 /* LocationManager.swift */ = {isa = PBXFileReference; lastKnownFileType = sourcecode.swift; path = LocationManager.swift; sourceTree = "<group>"; };
		53EF50202C93C65300EDBE02 /* WeatherService.swift */ = {isa = PBXFileReference; lastKnownFileType = sourcecode.swift; path = WeatherService.swift; sourceTree = "<group>"; };
		53EF50222C93C78E00EDBE02 /* MainCoordinator.swift */ = {isa = PBXFileReference; lastKnownFileType = sourcecode.swift; path = MainCoordinator.swift; sourceTree = "<group>"; };
		53EF50242C93C7B100EDBE02 /* Weather.swift */ = {isa = PBXFileReference; lastKnownFileType = sourcecode.swift; path = Weather.swift; sourceTree = "<group>"; };
		53EF50262C93C7C400EDBE02 /* WeatherResponse.swift */ = {isa = PBXFileReference; lastKnownFileType = sourcecode.swift; path = WeatherResponse.swift; sourceTree = "<group>"; };
		53EF50282C93C7DD00EDBE02 /* GeocodingResponse.swift */ = {isa = PBXFileReference; lastKnownFileType = sourcecode.swift; path = GeocodingResponse.swift; sourceTree = "<group>"; };
		53EF502A2C93C81500EDBE02 /* WeatherView.swift */ = {isa = PBXFileReference; lastKnownFileType = sourcecode.swift; path = WeatherView.swift; sourceTree = "<group>"; };
		53EF502C2C93CA3100EDBE02 /* CoordinatorView.swift */ = {isa = PBXFileReference; lastKnownFileType = sourcecode.swift; path = CoordinatorView.swift; sourceTree = "<group>"; };
		53EF50312C93D18200EDBE02 /* SearchBar.swift */ = {isa = PBXFileReference; lastKnownFileType = sourcecode.swift; path = SearchBar.swift; sourceTree = "<group>"; };
		53EF50332C93F67000EDBE02 /* Constants.swift */ = {isa = PBXFileReference; lastKnownFileType = sourcecode.swift; path = Constants.swift; sourceTree = "<group>"; };
		53EF50472C949E8F00EDBE02 /* WeatherDetailsView.swift */ = {isa = PBXFileReference; lastKnownFileType = sourcecode.swift; path = WeatherDetailsView.swift; sourceTree = "<group>"; };
		53EF50492C949F1000EDBE02 /* MockWeatherService.swift */ = {isa = PBXFileReference; lastKnownFileType = sourcecode.swift; path = MockWeatherService.swift; sourceTree = "<group>"; };
		53EF504B2C949F3000EDBE02 /* SearchBarUITests.swift */ = {isa = PBXFileReference; lastKnownFileType = sourcecode.swift; path = SearchBarUITests.swift; sourceTree = "<group>"; };
		53EF504D2C949F6400EDBE02 /* WeatherServiceTests.swift */ = {isa = PBXFileReference; lastKnownFileType = sourcecode.swift; path = WeatherServiceTests.swift; sourceTree = "<group>"; };
		53EF504F2C949F8000EDBE02 /* WeatherViewModelTests.swift */ = {isa = PBXFileReference; lastKnownFileType = sourcecode.swift; path = WeatherViewModelTests.swift; sourceTree = "<group>"; };
/* End PBXFileReference section */

/* Begin PBXFrameworksBuildPhase section */
		53EF4FDF2C9390AA00EDBE02 /* Frameworks */ = {
			isa = PBXFrameworksBuildPhase;
			buildActionMask = 2147483647;
			files = (
			);
			runOnlyForDeploymentPostprocessing = 0;
		};
		53EF4FF42C9390AB00EDBE02 /* Frameworks */ = {
			isa = PBXFrameworksBuildPhase;
			buildActionMask = 2147483647;
			files = (
			);
			runOnlyForDeploymentPostprocessing = 0;
		};
		53EF4FFE2C9390AB00EDBE02 /* Frameworks */ = {
			isa = PBXFrameworksBuildPhase;
			buildActionMask = 2147483647;
			files = (
			);
			runOnlyForDeploymentPostprocessing = 0;
		};
/* End PBXFrameworksBuildPhase section */

/* Begin PBXGroup section */
		53EF4FD92C9390AA00EDBE02 = {
			isa = PBXGroup;
			children = (
				53EF50512C949FD400EDBE02 /* Resources */,
				53EF4FE42C9390AA00EDBE02 /* WeatherApp */,
				53EF4FFA2C9390AB00EDBE02 /* WeatherAppTests */,
				53EF50042C9390AB00EDBE02 /* WeatherAppUITests */,
				53EF4FE32C9390AA00EDBE02 /* Products */,
			);
			sourceTree = "<group>";
		};
		53EF4FE32C9390AA00EDBE02 /* Products */ = {
			isa = PBXGroup;
			children = (
				53EF4FE22C9390AA00EDBE02 /* WeatherApp.app */,
				53EF4FF72C9390AB00EDBE02 /* WeatherAppTests.xctest */,
				53EF50012C9390AB00EDBE02 /* WeatherAppUITests.xctest */,
			);
			name = Products;
			sourceTree = "<group>";
		};
		53EF4FE42C9390AA00EDBE02 /* WeatherApp */ = {
			isa = PBXGroup;
			children = (
				53EF4FEB2C9390AA00EDBE02 /* Preview Content */,
				53EF4FE92C9390AA00EDBE02 /* Assets.xcassets */,
				53EF4FEE2C9390AA00EDBE02 /* Persistence.swift */,
				53EF50162C9391C800EDBE02 /* Model */,
				53EF50172C93929100EDBE02 /* ViewModel */,
				53EF4FF02C9390AA00EDBE02 /* WeatherApp.xcdatamodeld */,
				53EF501C2C9396AE00EDBE02 /* LocationManager.swift */,
				53EF50302C93CCB800EDBE02 /* Coordinator */,
				53EF502F2C93CC8400EDBE02 /* View */,
			);
			path = WeatherApp;
			sourceTree = "<group>";
		};
		53EF4FEB2C9390AA00EDBE02 /* Preview Content */ = {
			isa = PBXGroup;
			children = (
				53EF4FEC2C9390AA00EDBE02 /* Preview Assets.xcassets */,
			);
			path = "Preview Content";
			sourceTree = "<group>";
		};
		53EF4FFA2C9390AB00EDBE02 /* WeatherAppTests */ = {
			isa = PBXGroup;
			children = (
				53EF4FFB2C9390AB00EDBE02 /* WeatherAppTests.swift */,
				53EF50492C949F1000EDBE02 /* MockWeatherService.swift */,
				53EF504B2C949F3000EDBE02 /* SearchBarUITests.swift */,
				53EF504D2C949F6400EDBE02 /* WeatherServiceTests.swift */,
				53EF504F2C949F8000EDBE02 /* WeatherViewModelTests.swift */,
			);
			path = WeatherAppTests;
			sourceTree = "<group>";
		};
		53EF50042C9390AB00EDBE02 /* WeatherAppUITests */ = {
			isa = PBXGroup;
			children = (
				53EF50052C9390AB00EDBE02 /* WeatherAppUITests.swift */,
				53EF50072C9390AB00EDBE02 /* WeatherAppUITestsLaunchTests.swift */,
			);
			path = WeatherAppUITests;
			sourceTree = "<group>";
		};
		53EF50162C9391C800EDBE02 /* Model */ = {
			isa = PBXGroup;
			children = (
				53EF50242C93C7B100EDBE02 /* Weather.swift */,
				53EF50262C93C7C400EDBE02 /* WeatherResponse.swift */,
				53EF50282C93C7DD00EDBE02 /* GeocodingResponse.swift */,
			);
			path = Model;
			sourceTree = "<group>";
		};
		53EF50172C93929100EDBE02 /* ViewModel */ = {
			isa = PBXGroup;
			children = (
				53EF50182C9392C800EDBE02 /* WeatherViewModel.swift */,
				53EF50202C93C65300EDBE02 /* WeatherService.swift */,
			);
			path = ViewModel;
			sourceTree = "<group>";
		};
		53EF502F2C93CC8400EDBE02 /* View */ = {
			isa = PBXGroup;
			children = (
				53EF4FE52C9390AA00EDBE02 /* WeatherAppApp.swift */,
				53EF502A2C93C81500EDBE02 /* WeatherView.swift */,
				53EF50472C949E8F00EDBE02 /* WeatherDetailsView.swift */,
			);
			path = View;
			sourceTree = "<group>";
		};
		53EF50302C93CCB800EDBE02 /* Coordinator */ = {
			isa = PBXGroup;
			children = (
				53EF50222C93C78E00EDBE02 /* MainCoordinator.swift */,
				53EF502C2C93CA3100EDBE02 /* CoordinatorView.swift */,
			);
			path = Coordinator;
			sourceTree = "<group>";
		};
		53EF50512C949FD400EDBE02 /* Resources */ = {
			isa = PBXGroup;
			children = (
				53EF50332C93F67000EDBE02 /* Constants.swift */,
				53EF50312C93D18200EDBE02 /* SearchBar.swift */,
			);
			path = Resources;
			sourceTree = "<group>";
		};
/* End PBXGroup section */

/* Begin PBXNativeTarget section */
		53EF4FE12C9390AA00EDBE02 /* WeatherApp */ = {
			isa = PBXNativeTarget;
			buildConfigurationList = 53EF500B2C9390AB00EDBE02 /* Build configuration list for PBXNativeTarget "WeatherApp" */;
			buildPhases = (
				53EF4FDE2C9390AA00EDBE02 /* Sources */,
				53EF4FDF2C9390AA00EDBE02 /* Frameworks */,
				53EF4FE02C9390AA00EDBE02 /* Resources */,
			);
			buildRules = (
			);
			dependencies = (
			);
			name = WeatherApp;
			productName = WeatherApp;
			productReference = 53EF4FE22C9390AA00EDBE02 /* WeatherApp.app */;
			productType = "com.apple.product-type.application";
		};
		53EF4FF62C9390AB00EDBE02 /* WeatherAppTests */ = {
			isa = PBXNativeTarget;
			buildConfigurationList = 53EF500E2C9390AB00EDBE02 /* Build configuration list for PBXNativeTarget "WeatherAppTests" */;
			buildPhases = (
				53EF4FF32C9390AB00EDBE02 /* Sources */,
				53EF4FF42C9390AB00EDBE02 /* Frameworks */,
				53EF4FF52C9390AB00EDBE02 /* Resources */,
			);
			buildRules = (
			);
			dependencies = (
				53EF4FF92C9390AB00EDBE02 /* PBXTargetDependency */,
			);
			name = WeatherAppTests;
			productName = WeatherAppTests;
			productReference = 53EF4FF72C9390AB00EDBE02 /* WeatherAppTests.xctest */;
			productType = "com.apple.product-type.bundle.unit-test";
		};
		53EF50002C9390AB00EDBE02 /* WeatherAppUITests */ = {
			isa = PBXNativeTarget;
			buildConfigurationList = 53EF50112C9390AB00EDBE02 /* Build configuration list for PBXNativeTarget "WeatherAppUITests" */;
			buildPhases = (
				53EF4FFD2C9390AB00EDBE02 /* Sources */,
				53EF4FFE2C9390AB00EDBE02 /* Frameworks */,
				53EF4FFF2C9390AB00EDBE02 /* Resources */,
			);
			buildRules = (
			);
			dependencies = (
				53EF50032C9390AB00EDBE02 /* PBXTargetDependency */,
			);
			name = WeatherAppUITests;
			productName = WeatherAppUITests;
			productReference = 53EF50012C9390AB00EDBE02 /* WeatherAppUITests.xctest */;
			productType = "com.apple.product-type.bundle.ui-testing";
		};
/* End PBXNativeTarget section */

/* Begin PBXProject section */
		53EF4FDA2C9390AA00EDBE02 /* Project object */ = {
			isa = PBXProject;
			attributes = {
				BuildIndependentTargetsInParallel = 1;
				LastSwiftUpdateCheck = 1410;
				LastUpgradeCheck = 1410;
				TargetAttributes = {
					53EF4FE12C9390AA00EDBE02 = {
						CreatedOnToolsVersion = 14.1;
					};
					53EF4FF62C9390AB00EDBE02 = {
						CreatedOnToolsVersion = 14.1;
						TestTargetID = 53EF4FE12C9390AA00EDBE02;
					};
					53EF50002C9390AB00EDBE02 = {
						CreatedOnToolsVersion = 14.1;
						TestTargetID = 53EF4FE12C9390AA00EDBE02;
					};
				};
			};
			buildConfigurationList = 53EF4FDD2C9390AA00EDBE02 /* Build configuration list for PBXProject "WeatherApp" */;
			compatibilityVersion = "Xcode 14.0";
			developmentRegion = en;
			hasScannedForEncodings = 0;
			knownRegions = (
				en,
				Base,
			);
			mainGroup = 53EF4FD92C9390AA00EDBE02;
			productRefGroup = 53EF4FE32C9390AA00EDBE02 /* Products */;
			projectDirPath = "";
			projectRoot = "";
			targets = (
				53EF4FE12C9390AA00EDBE02 /* WeatherApp */,
				53EF4FF62C9390AB00EDBE02 /* WeatherAppTests */,
				53EF50002C9390AB00EDBE02 /* WeatherAppUITests */,
			);
		};
/* End PBXProject section */

/* Begin PBXResourcesBuildPhase section */
		53EF4FE02C9390AA00EDBE02 /* Resources */ = {
			isa = PBXResourcesBuildPhase;
			buildActionMask = 2147483647;
			files = (
				53EF4FED2C9390AA00EDBE02 /* Preview Assets.xcassets in Resources */,
				53EF4FEA2C9390AA00EDBE02 /* Assets.xcassets in Resources */,
			);
			runOnlyForDeploymentPostprocessing = 0;
		};
		53EF4FF52C9390AB00EDBE02 /* Resources */ = {
			isa = PBXResourcesBuildPhase;
			buildActionMask = 2147483647;
			files = (
			);
			runOnlyForDeploymentPostprocessing = 0;
		};
		53EF4FFF2C9390AB00EDBE02 /* Resources */ = {
			isa = PBXResourcesBuildPhase;
			buildActionMask = 2147483647;
			files = (
			);
			runOnlyForDeploymentPostprocessing = 0;
		};
/* End PBXResourcesBuildPhase section */

/* Begin PBXSourcesBuildPhase section */
		53EF4FDE2C9390AA00EDBE02 /* Sources */ = {
			isa = PBXSourcesBuildPhase;
			buildActionMask = 2147483647;
			files = (
				53EF50482C949E8F00EDBE02 /* WeatherDetailsView.swift in Sources */,
				53EF502B2C93C81500EDBE02 /* WeatherView.swift in Sources */,
				53EF50342C93F67000EDBE02 /* Constants.swift in Sources */,
				53EF50212C93C65300EDBE02 /* WeatherService.swift in Sources */,
				53EF4FF22C9390AA00EDBE02 /* WeatherApp.xcdatamodeld in Sources */,
				53EF50192C9392C800EDBE02 /* WeatherViewModel.swift in Sources */,
				53EF50252C93C7B100EDBE02 /* Weather.swift in Sources */,
				53EF50272C93C7C400EDBE02 /* WeatherResponse.swift in Sources */,
				53EF4FEF2C9390AA00EDBE02 /* Persistence.swift in Sources */,
				53EF50232C93C78E00EDBE02 /* MainCoordinator.swift in Sources */,
				53EF50292C93C7DD00EDBE02 /* GeocodingResponse.swift in Sources */,
				53EF501D2C9396AE00EDBE02 /* LocationManager.swift in Sources */,
				53EF4FE62C9390AA00EDBE02 /* WeatherAppApp.swift in Sources */,
				53EF50322C93D18200EDBE02 /* SearchBar.swift in Sources */,
				53EF502D2C93CA3100EDBE02 /* CoordinatorView.swift in Sources */,
			);
			runOnlyForDeploymentPostprocessing = 0;
		};
		53EF4FF32C9390AB00EDBE02 /* Sources */ = {
			isa = PBXSourcesBuildPhase;
			buildActionMask = 2147483647;
			files = (
				53EF504E2C949F6400EDBE02 /* WeatherServiceTests.swift in Sources */,
				53EF504C2C949F3000EDBE02 /* SearchBarUITests.swift in Sources */,
				53EF504A2C949F1000EDBE02 /* MockWeatherService.swift in Sources */,
				53EF4FFC2C9390AB00EDBE02 /* WeatherAppTests.swift in Sources */,
				53EF50502C949F8000EDBE02 /* WeatherViewModelTests.swift in Sources */,
			);
			runOnlyForDeploymentPostprocessing = 0;
		};
		53EF4FFD2C9390AB00EDBE02 /* Sources */ = {
			isa = PBXSourcesBuildPhase;
			buildActionMask = 2147483647;
			files = (
				53EF50062C9390AB00EDBE02 /* WeatherAppUITests.swift in Sources */,
				53EF50082C9390AB00EDBE02 /* WeatherAppUITestsLaunchTests.swift in Sources */,
			);
			runOnlyForDeploymentPostprocessing = 0;
		};
/* End PBXSourcesBuildPhase section */

/* Begin PBXTargetDependency section */
		53EF4FF92C9390AB00EDBE02 /* PBXTargetDependency */ = {
			isa = PBXTargetDependency;
			target = 53EF4FE12C9390AA00EDBE02 /* WeatherApp */;
			targetProxy = 53EF4FF82C9390AB00EDBE02 /* PBXContainerItemProxy */;
		};
		53EF50032C9390AB00EDBE02 /* PBXTargetDependency */ = {
			isa = PBXTargetDependency;
			target = 53EF4FE12C9390AA00EDBE02 /* WeatherApp */;
			targetProxy = 53EF50022C9390AB00EDBE02 /* PBXContainerItemProxy */;
		};
/* End PBXTargetDependency section */

/* Begin XCBuildConfiguration section */
		53EF50092C9390AB00EDBE02 /* Debug */ = {
			isa = XCBuildConfiguration;
			buildSettings = {
				ALWAYS_SEARCH_USER_PATHS = NO;
				CLANG_ANALYZER_NONNULL = YES;
				CLANG_ANALYZER_NUMBER_OBJECT_CONVERSION = YES_AGGRESSIVE;
				CLANG_CXX_LANGUAGE_STANDARD = "gnu++20";
				CLANG_ENABLE_MODULES = YES;
				CLANG_ENABLE_OBJC_ARC = YES;
				CLANG_ENABLE_OBJC_WEAK = YES;
				CLANG_WARN_BLOCK_CAPTURE_AUTORELEASING = YES;
				CLANG_WARN_BOOL_CONVERSION = YES;
				CLANG_WARN_COMMA = YES;
				CLANG_WARN_CONSTANT_CONVERSION = YES;
				CLANG_WARN_DEPRECATED_OBJC_IMPLEMENTATIONS = YES;
				CLANG_WARN_DIRECT_OBJC_ISA_USAGE = YES_ERROR;
				CLANG_WARN_DOCUMENTATION_COMMENTS = YES;
				CLANG_WARN_EMPTY_BODY = YES;
				CLANG_WARN_ENUM_CONVERSION = YES;
				CLANG_WARN_INFINITE_RECURSION = YES;
				CLANG_WARN_INT_CONVERSION = YES;
				CLANG_WARN_NON_LITERAL_NULL_CONVERSION = YES;
				CLANG_WARN_OBJC_IMPLICIT_RETAIN_SELF = YES;
				CLANG_WARN_OBJC_LITERAL_CONVERSION = YES;
				CLANG_WARN_OBJC_ROOT_CLASS = YES_ERROR;
				CLANG_WARN_QUOTED_INCLUDE_IN_FRAMEWORK_HEADER = YES;
				CLANG_WARN_RANGE_LOOP_ANALYSIS = YES;
				CLANG_WARN_STRICT_PROTOTYPES = YES;
				CLANG_WARN_SUSPICIOUS_MOVE = YES;
				CLANG_WARN_UNGUARDED_AVAILABILITY = YES_AGGRESSIVE;
				CLANG_WARN_UNREACHABLE_CODE = YES;
				CLANG_WARN__DUPLICATE_METHOD_MATCH = YES;
				COPY_PHASE_STRIP = NO;
				DEBUG_INFORMATION_FORMAT = dwarf;
				ENABLE_STRICT_OBJC_MSGSEND = YES;
				ENABLE_TESTABILITY = YES;
				GCC_C_LANGUAGE_STANDARD = gnu11;
				GCC_DYNAMIC_NO_PIC = NO;
				GCC_NO_COMMON_BLOCKS = YES;
				GCC_OPTIMIZATION_LEVEL = 0;
				GCC_PREPROCESSOR_DEFINITIONS = (
					"DEBUG=1",
					"$(inherited)",
				);
				GCC_WARN_64_TO_32_BIT_CONVERSION = YES;
				GCC_WARN_ABOUT_RETURN_TYPE = YES_ERROR;
				GCC_WARN_UNDECLARED_SELECTOR = YES;
				GCC_WARN_UNINITIALIZED_AUTOS = YES_AGGRESSIVE;
				GCC_WARN_UNUSED_FUNCTION = YES;
				GCC_WARN_UNUSED_VARIABLE = YES;
				IPHONEOS_DEPLOYMENT_TARGET = 16.1;
				MTL_ENABLE_DEBUG_INFO = INCLUDE_SOURCE;
				MTL_FAST_MATH = YES;
				ONLY_ACTIVE_ARCH = YES;
				SDKROOT = iphoneos;
				SWIFT_ACTIVE_COMPILATION_CONDITIONS = DEBUG;
				SWIFT_OPTIMIZATION_LEVEL = "-Onone";
			};
			name = Debug;
		};
		53EF500A2C9390AB00EDBE02 /* Release */ = {
			isa = XCBuildConfiguration;
			buildSettings = {
				ALWAYS_SEARCH_USER_PATHS = NO;
				CLANG_ANALYZER_NONNULL = YES;
				CLANG_ANALYZER_NUMBER_OBJECT_CONVERSION = YES_AGGRESSIVE;
				CLANG_CXX_LANGUAGE_STANDARD = "gnu++20";
				CLANG_ENABLE_MODULES = YES;
				CLANG_ENABLE_OBJC_ARC = YES;
				CLANG_ENABLE_OBJC_WEAK = YES;
				CLANG_WARN_BLOCK_CAPTURE_AUTORELEASING = YES;
				CLANG_WARN_BOOL_CONVERSION = YES;
				CLANG_WARN_COMMA = YES;
				CLANG_WARN_CONSTANT_CONVERSION = YES;
				CLANG_WARN_DEPRECATED_OBJC_IMPLEMENTATIONS = YES;
				CLANG_WARN_DIRECT_OBJC_ISA_USAGE = YES_ERROR;
				CLANG_WARN_DOCUMENTATION_COMMENTS = YES;
				CLANG_WARN_EMPTY_BODY = YES;
				CLANG_WARN_ENUM_CONVERSION = YES;
				CLANG_WARN_INFINITE_RECURSION = YES;
				CLANG_WARN_INT_CONVERSION = YES;
				CLANG_WARN_NON_LITERAL_NULL_CONVERSION = YES;
				CLANG_WARN_OBJC_IMPLICIT_RETAIN_SELF = YES;
				CLANG_WARN_OBJC_LITERAL_CONVERSION = YES;
				CLANG_WARN_OBJC_ROOT_CLASS = YES_ERROR;
				CLANG_WARN_QUOTED_INCLUDE_IN_FRAMEWORK_HEADER = YES;
				CLANG_WARN_RANGE_LOOP_ANALYSIS = YES;
				CLANG_WARN_STRICT_PROTOTYPES = YES;
				CLANG_WARN_SUSPICIOUS_MOVE = YES;
				CLANG_WARN_UNGUARDED_AVAILABILITY = YES_AGGRESSIVE;
				CLANG_WARN_UNREACHABLE_CODE = YES;
				CLANG_WARN__DUPLICATE_METHOD_MATCH = YES;
				COPY_PHASE_STRIP = NO;
				DEBUG_INFORMATION_FORMAT = "dwarf-with-dsym";
				ENABLE_NS_ASSERTIONS = NO;
				ENABLE_STRICT_OBJC_MSGSEND = YES;
				GCC_C_LANGUAGE_STANDARD = gnu11;
				GCC_NO_COMMON_BLOCKS = YES;
				GCC_WARN_64_TO_32_BIT_CONVERSION = YES;
				GCC_WARN_ABOUT_RETURN_TYPE = YES_ERROR;
				GCC_WARN_UNDECLARED_SELECTOR = YES;
				GCC_WARN_UNINITIALIZED_AUTOS = YES_AGGRESSIVE;
				GCC_WARN_UNUSED_FUNCTION = YES;
				GCC_WARN_UNUSED_VARIABLE = YES;
				IPHONEOS_DEPLOYMENT_TARGET = 16.1;
				MTL_ENABLE_DEBUG_INFO = NO;
				MTL_FAST_MATH = YES;
				SDKROOT = iphoneos;
				SWIFT_COMPILATION_MODE = wholemodule;
				SWIFT_OPTIMIZATION_LEVEL = "-O";
				VALIDATE_PRODUCT = YES;
			};
			name = Release;
		};
		53EF500C2C9390AB00EDBE02 /* Debug */ = {
			isa = XCBuildConfiguration;
			buildSettings = {
				ASSETCATALOG_COMPILER_APPICON_NAME = AppIcon;
				ASSETCATALOG_COMPILER_GLOBAL_ACCENT_COLOR_NAME = AccentColor;
				CODE_SIGN_STYLE = Automatic;
				CURRENT_PROJECT_VERSION = 1;
				DEVELOPMENT_ASSET_PATHS = "\"WeatherApp/Preview Content\"";
				DEVELOPMENT_TEAM = 442A88RV62;
				ENABLE_PREVIEWS = YES;
				GENERATE_INFOPLIST_FILE = YES;
				INFOPLIST_KEY_UIApplicationSceneManifest_Generation = YES;
				INFOPLIST_KEY_UIApplicationSupportsIndirectInputEvents = YES;
				INFOPLIST_KEY_UILaunchScreen_Generation = YES;
				INFOPLIST_KEY_UISupportedInterfaceOrientations_iPad = "UIInterfaceOrientationPortrait UIInterfaceOrientationPortraitUpsideDown UIInterfaceOrientationLandscapeLeft UIInterfaceOrientationLandscapeRight";
				INFOPLIST_KEY_UISupportedInterfaceOrientations_iPhone = "UIInterfaceOrientationPortrait UIInterfaceOrientationLandscapeLeft UIInterfaceOrientationLandscapeRight";
				LD_RUNPATH_SEARCH_PATHS = (
					"$(inherited)",
					"@executable_path/Frameworks",
				);
				MARKETING_VERSION = 1.0;
				PRODUCT_BUNDLE_IDENTIFIER = com.MyApp.WeatherApp;
				PRODUCT_NAME = "$(TARGET_NAME)";
				SWIFT_EMIT_LOC_STRINGS = YES;
				SWIFT_VERSION = 5.0;
				TARGETED_DEVICE_FAMILY = "1,2";
			};
			name = Debug;
		};
		53EF500D2C9390AB00EDBE02 /* Release */ = {
			isa = XCBuildConfiguration;
			buildSettings = {
				ASSETCATALOG_COMPILER_APPICON_NAME = AppIcon;
				ASSETCATALOG_COMPILER_GLOBAL_ACCENT_COLOR_NAME = AccentColor;
				CODE_SIGN_STYLE = Automatic;
				CURRENT_PROJECT_VERSION = 1;
				DEVELOPMENT_ASSET_PATHS = "\"WeatherApp/Preview Content\"";
				DEVELOPMENT_TEAM = 442A88RV62;
				ENABLE_PREVIEWS = YES;
				GENERATE_INFOPLIST_FILE = YES;
				INFOPLIST_KEY_UIApplicationSceneManifest_Generation = YES;
				INFOPLIST_KEY_UIApplicationSupportsIndirectInputEvents = YES;
				INFOPLIST_KEY_UILaunchScreen_Generation = YES;
				INFOPLIST_KEY_UISupportedInterfaceOrientations_iPad = "UIInterfaceOrientationPortrait UIInterfaceOrientationPortraitUpsideDown UIInterfaceOrientationLandscapeLeft UIInterfaceOrientationLandscapeRight";
				INFOPLIST_KEY_UISupportedInterfaceOrientations_iPhone = "UIInterfaceOrientationPortrait UIInterfaceOrientationLandscapeLeft UIInterfaceOrientationLandscapeRight";
				LD_RUNPATH_SEARCH_PATHS = (
					"$(inherited)",
					"@executable_path/Frameworks",
				);
				MARKETING_VERSION = 1.0;
				PRODUCT_BUNDLE_IDENTIFIER = com.MyApp.WeatherApp;
				PRODUCT_NAME = "$(TARGET_NAME)";
				SWIFT_EMIT_LOC_STRINGS = YES;
				SWIFT_VERSION = 5.0;
				TARGETED_DEVICE_FAMILY = "1,2";
			};
			name = Release;
		};
		53EF500F2C9390AB00EDBE02 /* Debug */ = {
			isa = XCBuildConfiguration;
			buildSettings = {
				ALWAYS_EMBED_SWIFT_STANDARD_LIBRARIES = YES;
				BUNDLE_LOADER = "$(TEST_HOST)";
				CODE_SIGN_STYLE = Automatic;
				CURRENT_PROJECT_VERSION = 1;
				DEVELOPMENT_TEAM = 442A88RV62;
				GENERATE_INFOPLIST_FILE = YES;
				IPHONEOS_DEPLOYMENT_TARGET = 16.1;
				MARKETING_VERSION = 1.0;
				PRODUCT_BUNDLE_IDENTIFIER = com.MyApp.WeatherAppTests;
				PRODUCT_NAME = "$(TARGET_NAME)";
				SWIFT_EMIT_LOC_STRINGS = NO;
				SWIFT_VERSION = 5.0;
				TARGETED_DEVICE_FAMILY = "1,2";
				TEST_HOST = "$(BUILT_PRODUCTS_DIR)/WeatherApp.app/$(BUNDLE_EXECUTABLE_FOLDER_PATH)/WeatherApp";
			};
			name = Debug;
		};
		53EF50102C9390AB00EDBE02 /* Release */ = {
			isa = XCBuildConfiguration;
			buildSettings = {
				ALWAYS_EMBED_SWIFT_STANDARD_LIBRARIES = YES;
				BUNDLE_LOADER = "$(TEST_HOST)";
				CODE_SIGN_STYLE = Automatic;
				CURRENT_PROJECT_VERSION = 1;
				DEVELOPMENT_TEAM = 442A88RV62;
				GENERATE_INFOPLIST_FILE = YES;
				IPHONEOS_DEPLOYMENT_TARGET = 16.1;
				MARKETING_VERSION = 1.0;
				PRODUCT_BUNDLE_IDENTIFIER = com.MyApp.WeatherAppTests;
				PRODUCT_NAME = "$(TARGET_NAME)";
				SWIFT_EMIT_LOC_STRINGS = NO;
				SWIFT_VERSION = 5.0;
				TARGETED_DEVICE_FAMILY = "1,2";
				TEST_HOST = "$(BUILT_PRODUCTS_DIR)/WeatherApp.app/$(BUNDLE_EXECUTABLE_FOLDER_PATH)/WeatherApp";
			};
			name = Release;
		};
		53EF50122C9390AB00EDBE02 /* Debug */ = {
			isa = XCBuildConfiguration;
			buildSettings = {
				ALWAYS_EMBED_SWIFT_STANDARD_LIBRARIES = YES;
				CODE_SIGN_STYLE = Automatic;
				CURRENT_PROJECT_VERSION = 1;
				DEVELOPMENT_TEAM = 442A88RV62;
				GENERATE_INFOPLIST_FILE = YES;
				MARKETING_VERSION = 1.0;
				PRODUCT_BUNDLE_IDENTIFIER = com.MyApp.WeatherAppUITests;
				PRODUCT_NAME = "$(TARGET_NAME)";
				SWIFT_EMIT_LOC_STRINGS = NO;
				SWIFT_VERSION = 5.0;
				TARGETED_DEVICE_FAMILY = "1,2";
				TEST_TARGET_NAME = WeatherApp;
			};
			name = Debug;
		};
		53EF50132C9390AB00EDBE02 /* Release */ = {
			isa = XCBuildConfiguration;
			buildSettings = {
				ALWAYS_EMBED_SWIFT_STANDARD_LIBRARIES = YES;
				CODE_SIGN_STYLE = Automatic;
				CURRENT_PROJECT_VERSION = 1;
				DEVELOPMENT_TEAM = 442A88RV62;
				GENERATE_INFOPLIST_FILE = YES;
				MARKETING_VERSION = 1.0;
				PRODUCT_BUNDLE_IDENTIFIER = com.MyApp.WeatherAppUITests;
				PRODUCT_NAME = "$(TARGET_NAME)";
				SWIFT_EMIT_LOC_STRINGS = NO;
				SWIFT_VERSION = 5.0;
				TARGETED_DEVICE_FAMILY = "1,2";
				TEST_TARGET_NAME = WeatherApp;
			};
			name = Release;
		};
/* End XCBuildConfiguration section */

/* Begin XCConfigurationList section */
		53EF4FDD2C9390AA00EDBE02 /* Build configuration list for PBXProject "WeatherApp" */ = {
			isa = XCConfigurationList;
			buildConfigurations = (
				53EF50092C9390AB00EDBE02 /* Debug */,
				53EF500A2C9390AB00EDBE02 /* Release */,
			);
			defaultConfigurationIsVisible = 0;
			defaultConfigurationName = Release;
		};
		53EF500B2C9390AB00EDBE02 /* Build configuration list for PBXNativeTarget "WeatherApp" */ = {
			isa = XCConfigurationList;
			buildConfigurations = (
				53EF500C2C9390AB00EDBE02 /* Debug */,
				53EF500D2C9390AB00EDBE02 /* Release */,
			);
			defaultConfigurationIsVisible = 0;
			defaultConfigurationName = Release;
		};
		53EF500E2C9390AB00EDBE02 /* Build configuration list for PBXNativeTarget "WeatherAppTests" */ = {
			isa = XCConfigurationList;
			buildConfigurations = (
				53EF500F2C9390AB00EDBE02 /* Debug */,
				53EF50102C9390AB00EDBE02 /* Release */,
			);
			defaultConfigurationIsVisible = 0;
			defaultConfigurationName = Release;
		};
		53EF50112C9390AB00EDBE02 /* Build configuration list for PBXNativeTarget "WeatherAppUITests" */ = {
			isa = XCConfigurationList;
			buildConfigurations = (
				53EF50122C9390AB00EDBE02 /* Debug */,
				53EF50132C9390AB00EDBE02 /* Release */,
			);
			defaultConfigurationIsVisible = 0;
			defaultConfigurationName = Release;
		};
/* End XCConfigurationList section */

/* Begin XCVersionGroup section */
		53EF4FF02C9390AA00EDBE02 /* WeatherApp.xcdatamodeld */ = {
			isa = XCVersionGroup;
			children = (
				53EF4FF12C9390AA00EDBE02 /* WeatherApp.xcdatamodel */,
			);
			currentVersion = 53EF4FF12C9390AA00EDBE02 /* WeatherApp.xcdatamodel */;
			path = WeatherApp.xcdatamodeld;
			sourceTree = "<group>";
			versionGroupType = wrapper.xcdatamodel;
		};
/* End XCVersionGroup section */
	};
	rootObject = 53EF4FDA2C9390AA00EDBE02 /* Project object */;
}
